
Microsoft Visual Studio Solution File, Format Version 12.00
# Visual Studio Version 16
VisualStudioVersion = 16.0.32802.440
MinimumVisualStudioVersion = 10.0.40219.1
Project("{F2A71F9B-5D33-465A-A702-920D77279786}") = "dotnet-api", "dotnet-api.fsproj", "{50D4140B-F7D0-4627-90FA-A3E649D24E45}"
EndProject
Global
	GlobalSection(SolutionConfigurationPlatforms) = preSolution
		Debug|Any CPU = Debug|Any CPU
		Release|Any CPU = Release|Any CPU
	EndGlobalSection
	GlobalSection(ProjectConfigurationPlatforms) = postSolution
		{50D4140B-F7D0-4627-90FA-A3E649D24E45}.Debug|Any CPU.ActiveCfg = Debug|Any CPU
		{50D4140B-F7D0-4627-90FA-A3E649D24E45}.Debug|Any CPU.Build.0 = Debug|Any CPU
		{50D4140B-F7D0-4627-90FA-A3E649D24E45}.Release|Any CPU.ActiveCfg = Release|Any CPU
		{50D4140B-F7D0-4627-90FA-A3E649D24E45}.Release|Any CPU.Build.0 = Release|Any CPU
	EndGlobalSection
	GlobalSection(SolutionProperties) = preSolution
		HideSolutionNode = FALSE
	EndGlobalSection
	GlobalSection(ExtensibilityGlobals) = postSolution
		SolutionGuid = {C9344485-06DC-4134-A005-567967163740}
	EndGlobalSection
EndGlobal
